{
  "name": "mc-wizard",
  "version": "0.1.0",
  "lockfileVersion": 3,
  "requires": true,
  "packages": {
    "": {
      "name": "mc-wizard",
      "version": "0.1.0",
      "dependencies": {
        "mtok-bridge": "^0.2.0"
      },
      "engines": {
        "node": ">=22.9.0"
      }
    },
    "node_modules/mtok-bridge": {
      "version": "0.2.0",
      "resolved": "https://registry.npmjs.org/mtok-bridge/-/mtok-bridge-0.2.0.tgz",
      "integrity": "sha512-ItybX1BtgNpjY91b74DIDkGU++wz5XgytbeWGRVTqrDqC6zbsHEQivAFpfjpX1iqgb27woD1CrxAjUzYN9QGUQ==",
      "license": "MIT",
      "bin": {
        "mtok-bridge": "mtok-bridge.mjs"
      },
      "engines": {
        "node": ">=20"
      }
    }
  }
}
